<Project xmlns="http://schemas.microsoft.com/developer/msbuild/2003">
    <PropertyGroup>
        <ProjectGuid>{8F3A1C20-7D54-4B96-9E18-2A6C5F0D3B71}</ProjectGuid>
        <MainSource>Aefos.MCP.Core.dpk</MainSource>
        <ProjectVersion>20.4</ProjectVersion>
        <FrameworkType>None</FrameworkType>
        <Base>True</Base>
        <Config Condition="'$(Config)'==''">Release</Config>
        <Platform Condition="'$(Platform)'==''">Win32</Platform>
        <ProjectName Condition="'$(ProjectName)'==''">Aefos.MCP.Core</ProjectName>
        <TargetedPlatforms>1048577</TargetedPlatforms>
        <AppType>Package</AppType>
    </PropertyGroup>
    <PropertyGroup Condition="'$(Config)'=='Base' or '$(Base)'!=''">
        <Base>true</Base>
    </PropertyGroup>
    <PropertyGroup Condition="('$(Platform)'=='iOSDevice64' and '$(Base)'=='true') or '$(Base_iOSDevice64)'!=''">
        <Base_iOSDevice64>true</Base_iOSDevice64>
        <CfgParent>Base</CfgParent>
        <Base>true</Base>
    </PropertyGroup>
    <PropertyGroup Condition="('$(Platform)'=='iOSSimARM64' and '$(Base)'=='true') or '$(Base_iOSSimARM64)'!=''">
        <Base_iOSSimARM64>true</Base_iOSSimARM64>
        <CfgParent>Base</CfgParent>
        <Base>true</Base>
    </PropertyGroup>
    <PropertyGroup Condition="('$(Platform)'=='OSX64' and '$(Base)'=='true') or '$(Base_OSX64)'!=''">
        <Base_OSX64>true</Base_OSX64>
        <CfgParent>Base</CfgParent>
        <Base>true</Base>
    </PropertyGroup>
    <PropertyGroup Condition="('$(Platform)'=='OSXARM64' and '$(Base)'=='true') or '$(Base_OSXARM64)'!=''">
        <Base_OSXARM64>true</Base_OSXARM64>
        <CfgParent>Base</CfgParent>
        <Base>true</Base>
    </PropertyGroup>
    <PropertyGroup Condition="('$(Platform)'=='Win32' and '$(Base)'=='true') or '$(Base_Win32)'!=''">
        <Base_Win32>true</Base_Win32>
        <CfgParent>Base</CfgParent>
        <Base>true</Base>
    </PropertyGroup>
    <PropertyGroup Condition="('$(Platform)'=='Win64' and '$(Base)'=='true') or '$(Base_Win64)'!=''">
        <Base_Win64>true</Base_Win64>
        <CfgParent>Base</CfgParent>
        <Base>true</Base>
    </PropertyGroup>
    <PropertyGroup Condition="('$(Platform)'=='Win64x' and '$(Base)'=='true') or '$(Base_Win64x)'!=''">
        <Base_Win64x>true</Base_Win64x>
        <CfgParent>Base</CfgParent>
        <Base>true</Base>
    </PropertyGroup>
    <PropertyGroup Condition="'$(Config)'=='Debug' or '$(Cfg_1)'!=''">
        <Cfg_1>true</Cfg_1>
        <CfgParent>Base</CfgParent>
        <Base>true</Base>
    </PropertyGroup>
    <PropertyGroup Condition="('$(Platform)'=='Win32' and '$(Cfg_1)'=='true') or '$(Cfg_1_Win32)'!=''">
        <Cfg_1_Win32>true</Cfg_1_Win32>
        <CfgParent>Cfg_1</CfgParent>
        <Cfg_1>true</Cfg_1>
        <Base>true</Base>
    </PropertyGroup>
    <PropertyGroup Condition="'$(Config)'=='Release' or '$(Cfg_2)'!=''">
        <Cfg_2>true</Cfg_2>
        <CfgParent>Base</CfgParent>
        <Base>true</Base>
    </PropertyGroup>
    <PropertyGroup Condition="'$(Base)'!=''">
        <DCC_DcuOutput>.\$(Platform)\$(Config)</DCC_DcuOutput>
        <DCC_ExeOutput>.\$(Platform)\$(Config)</DCC_ExeOutput>
        <DCC_E>false</DCC_E>
        <DCC_N>false</DCC_N>
        <DCC_S>false</DCC_S>
        <DCC_F>false</DCC_F>
        <DCC_K>false</DCC_K>
        <GenDll>true</GenDll>
        <GenPackage>true</GenPackage>
        <!-- Runs AefosStageBplForInstaller after the compile. _PostCompileTargets
             is an unassigned extension point in CodeGear.Delphi.Targets and works
             on every MSBuild back to 3.5, which is the engine the old IDEs host. -->
        <_PostCompileTargets>AefosStageBplForInstaller</_PostCompileTargets>
        <DCC_Namespace>System;Xml;Data;Datasnap;Web;Soap;$(DCC_Namespace)</DCC_Namespace>
        <DCC_CBuilderOutput>All</DCC_CBuilderOutput>
        <SanitizedProjectName>Aefos_MCP_Core</SanitizedProjectName>
        <DCC_Description>Aefos MCP Core - RTL-only MCP engine (no ToolsAPI)</DCC_Description>
        <VerInfo_Locale>1033</VerInfo_Locale>
        <VerInfo_Keys>CompanyName=ModernDelphiWorks;FileDescription=$(MSBuildProjectName);FileVersion=1.5.1.0;InternalName=;LegalCopyright=Copyright (c) 2026 ModernDelphiWorks;LegalTrademarks=;OriginalFilename=;ProgramID=com.moderndelphiworks.aefos;ProductName=Aefos;ProductVersion=1.5.1</VerInfo_Keys>
        <RuntimeOnlyPackage>true</RuntimeOnlyPackage>
    </PropertyGroup>
    <PropertyGroup Condition="'$(Base_iOSDevice64)'!=''">
        <VerInfo_Keys>CompanyName=ModernDelphiWorks;FileDescription=$(MSBuildProjectName);FileVersion=1.5.1.0;InternalName=;LegalCopyright=Copyright (c) 2026 ModernDelphiWorks;LegalTrademarks=;OriginalFilename=;ProgramID=com.moderndelphiworks.aefos;ProductName=Aefos;ProductVersion=1.5.1</VerInfo_Keys>
        <VerInfo_UIDeviceFamily>iPhoneAndiPad</VerInfo_UIDeviceFamily>
        <VerInfo_IncludeVerInfo>true</VerInfo_IncludeVerInfo>
        <BT_BuildType>Debug</BT_BuildType>
        <VerInfo_BundleId>$(MSBuildProjectName)</VerInfo_BundleId>
    </PropertyGroup>
    <PropertyGroup Condition="'$(Base_iOSSimARM64)'!=''">
        <VerInfo_Keys>CompanyName=ModernDelphiWorks;FileDescription=$(MSBuildProjectName);FileVersion=1.5.1.0;InternalName=;LegalCopyright=Copyright (c) 2026 ModernDelphiWorks;LegalTrademarks=;OriginalFilename=;ProgramID=com.moderndelphiworks.aefos;ProductName=Aefos;ProductVersion=1.5.1</VerInfo_Keys>
        <VerInfo_UIDeviceFamily>iPhoneAndiPad</VerInfo_UIDeviceFamily>
        <VerInfo_IncludeVerInfo>true</VerInfo_IncludeVerInfo>
    </PropertyGroup>
    <PropertyGroup Condition="'$(Base_OSX64)'!=''">
        <VerInfo_Keys>CompanyName=ModernDelphiWorks;FileDescription=$(MSBuildProjectName);FileVersion=1.5.1.0;InternalName=;LegalCopyright=Copyright (c) 2026 ModernDelphiWorks;LegalTrademarks=;OriginalFilename=;ProgramID=com.moderndelphiworks.aefos;ProductName=Aefos;ProductVersion=1.5.1</VerInfo_Keys>
        <BT_BuildType>Debug</BT_BuildType>
    </PropertyGroup>
    <PropertyGroup Condition="'$(Base_OSXARM64)'!=''">
        <VerInfo_Keys>CompanyName=ModernDelphiWorks;FileDescription=$(MSBuildProjectName);FileVersion=1.5.1.0;InternalName=;LegalCopyright=Copyright (c) 2026 ModernDelphiWorks;LegalTrademarks=;OriginalFilename=;ProgramID=com.moderndelphiworks.aefos;ProductName=Aefos;ProductVersion=1.5.1</VerInfo_Keys>
        <BT_BuildType>Debug</BT_BuildType>
    </PropertyGroup>
    <PropertyGroup Condition="'$(Base_Win32)'!=''">
        <DCC_Namespace>Winapi;System.Win;Data.Win;Datasnap.Win;Web.Win;Soap.Win;Xml.Win;Bde;$(DCC_Namespace)</DCC_Namespace>
        <BT_BuildType>Debug</BT_BuildType>
        <VerInfo_IncludeVerInfo>true</VerInfo_IncludeVerInfo>
        <VerInfo_Keys>CompanyName=ModernDelphiWorks;FileDescription=$(MSBuildProjectName);FileVersion=1.5.1.0;InternalName=;LegalCopyright=Copyright (c) 2026 ModernDelphiWorks;LegalTrademarks=;OriginalFilename=;ProgramID=com.moderndelphiworks.aefos;ProductName=Aefos;ProductVersion=1.5.1</VerInfo_Keys>
        <VerInfo_Locale>1033</VerInfo_Locale>
        <DCC_UsePackage>rtl;$(DCC_UsePackage)</DCC_UsePackage>
    </PropertyGroup>
    <PropertyGroup Condition="'$(Base_Win64)'!=''">
        <DCC_UsePackage>rtl;$(DCC_UsePackage)</DCC_UsePackage>
        <VerInfo_Keys>CompanyName=ModernDelphiWorks;FileDescription=$(MSBuildProjectName);FileVersion=1.5.1.0;InternalName=;LegalCopyright=Copyright (c) 2026 ModernDelphiWorks;LegalTrademarks=;OriginalFilename=;ProgramID=com.moderndelphiworks.aefos;ProductName=Aefos;ProductVersion=1.5.1</VerInfo_Keys>
        <VerInfo_IncludeVerInfo>true</VerInfo_IncludeVerInfo>
        <VerInfo_Locale>1033</VerInfo_Locale>
    </PropertyGroup>
    <PropertyGroup Condition="'$(Base_Win64x)'!=''">
        <DCC_Namespace>Winapi;System.Win;Data.Win;Datasnap.Win;Web.Win;Soap.Win;Xml.Win;$(DCC_Namespace)</DCC_Namespace>
        <BT_BuildType>Debug</BT_BuildType>
        <VerInfo_IncludeVerInfo>true</VerInfo_IncludeVerInfo>
        <BCC_EnableBatchCompilation>true</BCC_EnableBatchCompilation>
        <VerInfo_Keys>CompanyName=ModernDelphiWorks;FileDescription=$(MSBuildProjectName);FileVersion=1.5.1.0;InternalName=;LegalCopyright=Copyright (c) 2026 ModernDelphiWorks;LegalTrademarks=;OriginalFilename=;ProgramID=com.moderndelphiworks.aefos;ProductName=Aefos;ProductVersion=1.5.1</VerInfo_Keys>
    </PropertyGroup>
    <PropertyGroup Condition="'$(Cfg_1)'!=''">
        <DCC_Define>DEBUG;$(DCC_Define)</DCC_Define>
        <DCC_DebugDCUs>true</DCC_DebugDCUs>
        <DCC_Optimize>false</DCC_Optimize>
        <DCC_GenerateStackFrames>true</DCC_GenerateStackFrames>
        <DCC_DebugInfoInExe>true</DCC_DebugInfoInExe>
        <DCC_RemoteDebug>true</DCC_RemoteDebug>
        <DCC_IntegerOverflowCheck>true</DCC_IntegerOverflowCheck>
        <DCC_RangeChecking>true</DCC_RangeChecking>
    </PropertyGroup>
    <PropertyGroup Condition="'$(Cfg_1_Win32)'!=''">
        <DCC_RemoteDebug>false</DCC_RemoteDebug>
        <DCC_MapFile>3</DCC_MapFile>
        <VerInfo_IncludeVerInfo>true</VerInfo_IncludeVerInfo>
        <VerInfo_Locale>1033</VerInfo_Locale>
    </PropertyGroup>
    <PropertyGroup Condition="'$(Cfg_2)'!=''">
        <DCC_LocalDebugSymbols>false</DCC_LocalDebugSymbols>
        <DCC_Define>RELEASE;$(DCC_Define)</DCC_Define>
        <DCC_SymbolReferenceInfo>0</DCC_SymbolReferenceInfo>
        <DCC_DebugInformation>0</DCC_DebugInformation>
    </PropertyGroup>
    <ItemGroup>
        <DelphiCompile Include="$(MainSource)">
            <MainSource>MainSource</MainSource>
        </DelphiCompile>
        <DCCReference Include="rtl.dcp"/>
        <DCCReference Include="Aefos.Tools.dcp"/>
        <DCCReference Include="..\..\source\compat\Aefos.Compat.Json.pas"/>
        <DCCReference Include="..\..\source\compat\Aefos.Compat.Sha256.pas"/>
        <DCCReference Include="..\..\source\compat\Aefos.Compat.IO.pas"/>
        <DCCReference Include="..\..\source\mcp\Core\Aefos.MCP.Server.pas"/>
        <DCCReference Include="..\..\source\mcp\Core\Aefos.MCP.AuditLog.pas"/>
        <DCCReference Include="..\..\source\mcp\Core\Aefos.MCP.BuildManager.pas"/>
        <DCCReference Include="..\..\source\mcp\Core\Aefos.MCP.Consent.pas"/>
        <DCCReference Include="..\..\source\mcp\Core\Aefos.MCP.EditTracker.pas"/>
        <DCCReference Include="..\..\source\mcp\Core\Aefos.MCP.ReAnchor.pas"/>
        <DCCReference Include="..\..\source\mcp\Core\Aefos.MCP.Resources.pas"/>
        <DCCReference Include="..\..\source\mcp\Core\Aefos.MCP.Tools.Common.pas"/>
        <DCCReference Include="..\..\source\mcp\Core\Aefos.MCP.Tools.pas"/>
        <DCCReference Include="..\..\source\mcp\Core\Aefos.MCP.Tools.Project.pas"/>
        <DCCReference Include="..\..\source\mcp\Core\Aefos.MCP.Tools.Units.pas"/>
        <DCCReference Include="..\..\source\mcp\Core\Aefos.MCP.Tools.Editor.pas"/>
        <DCCReference Include="..\..\source\mcp\Core\Aefos.MCP.Tools.Build.pas"/>
        <DCCReference Include="..\..\source\mcp\Core\Aefos.MCP.Tools.FormsDFM.pas"/>
        <DCCReference Include="..\..\source\mcp\Core\Aefos.MCP.Tools.DPR.pas"/>
        <DCCReference Include="..\..\source\mcp\Core\Aefos.MCP.Tools.CodeInsight.pas"/>
        <DCCReference Include="..\..\source\mcp\Core\Aefos.MCP.Tools.ProjectGroup.pas"/>
        <DCCReference Include="..\..\source\mcp\Core\Aefos.MCP.Tools.Packages.pas"/>
        <DCCReference Include="..\..\source\mcp\Core\Aefos.MCP.Tools.IDE.pas"/>
        <DCCReference Include="..\..\source\mcp\Core\Aefos.MCP.Tools.Resources.pas"/>
        <DCCReference Include="..\..\source\mcp\Core\Aefos.MCP.GitFacade.pas"/>
        <DCCReference Include="..\..\source\mcp\Core\Aefos.MCP.UnifiedDiff.pas"/>
        <DCCReference Include="..\..\source\mcp\Core\Aefos.MCP.Tools.Git.pas"/>
        <DCCReference Include="..\..\source\mcp\Core\Aefos.MCP.Tools.Rename.pas"/>
        <DCCReference Include="..\..\source\mcp\Core\Aefos.MCP.Tools.AuditQuery.pas"/>
        <DCCReference Include="..\..\source\mcp\Core\Aefos.MCP.ChatInspector.Types.pas"/>
        <DCCReference Include="..\..\source\mcp\Core\Aefos.MCP.Tools.ChatInspector.pas"/>
        <DCCReference Include="..\..\source\mcp\Core\Aefos.MCP.DFMParser.pas"/>
        <DCCReference Include="..\..\source\mcp\Core\Aefos.MCP.DPRParser.pas"/>
        <DCCReference Include="..\..\source\mcp\Core\Aefos.MCP.PasParser.pas"/>
        <DCCReference Include="..\..\source\mcp\Core\Aefos.MCP.Transport.NamedPipe.pas"/>
        <DCCReference Include="..\..\source\mcp\Core\Aefos.MCP.Provision.pas"/>
        <DCCReference Include="..\..\source\mcp\Core\Aefos.MCP.ServerMerge.pas"/>
        <DCCReference Include="..\..\source\mcp\Core\Aefos.MCP.Transport.Http.pas"/>
        <DCCReference Include="..\..\source\mcp\Core\Aefos.MCP.Types.pas"/>
        <DCCReference Include="..\..\source\mcp\Core\Aefos.MCP.IntentGuard.pas"/>
        <DCCReference Include="..\..\source\mcp\Core\Aefos.MCP.FlowGuide.pas"/>
        <DCCReference Include="..\..\source\mcp\Core\Aefos.MCP.InspectorBridge.pas"/>
        <DCCReference Include="..\..\source\mcp\Core\Aefos.MCP.Tools.PyTools.pas"/>
        <DCCReference Include="..\..\source\mcp\Core\Aefos.MCP.Tools.ProjectText.pas"/>
        <DCCReference Include="..\..\source\mcp\Core\Aefos.MCP.Tools.Scaffold.pas"/>
        <BuildConfiguration Include="Base">
            <Key>Base</Key>
        </BuildConfiguration>
        <BuildConfiguration Include="Debug">
            <Key>Cfg_1</Key>
            <CfgParent>Base</CfgParent>
        </BuildConfiguration>
        <BuildConfiguration Include="Release">
            <Key>Cfg_2</Key>
            <CfgParent>Base</CfgParent>
        </BuildConfiguration>
    </ItemGroup>
    <ProjectExtensions>
        <Borland.Personality>Delphi.Personality.12</Borland.Personality>
        <Borland.ProjectType>Package</Borland.ProjectType>
        <BorlandProject>
            <Delphi.Personality>
                <Source>
                    <Source Name="MainSource">Aefos.MCP.Core.dpk</Source>
                </Source>
            </Delphi.Personality>
            <Platforms>
                <Platform value="iOSDevice64">False</Platform>
                <Platform value="iOSSimARM64">False</Platform>
                <Platform value="Linux64">False</Platform>
                <Platform value="OSX64">False</Platform>
                <Platform value="OSXARM64">False</Platform>
                <Platform value="Win32">True</Platform>
                <Platform value="Win64">False</Platform>
                <Platform value="Win64x">True</Platform>
            </Platforms>
        </BorlandProject>
        <ProjectFileVersion>12</ProjectFileVersion>
    </ProjectExtensions>
    <Import Project="$(BDS)\Bin\CodeGear.Delphi.Targets" Condition="Exists('$(BDS)\Bin\CodeGear.Delphi.Targets')"/>
    <Import Project="$(APPDATA)\Embarcadero\$(BDSAPPDATABASEDIR)\$(PRODUCTVERSION)\UserTools.proj" Condition="Exists('$(APPDATA)\Embarcadero\$(BDSAPPDATABASEDIR)\$(PRODUCTVERSION)\UserTools.proj')"/>
    <Target Name="AefosStageBplForInstaller" Condition="'$(Config)'=='Release' and '$(Platform)'=='Win32'">
        <PropertyGroup>
            <!-- Per version, because the same file name now exists once per IDE and a
                 flat folder would mix Seattle and Athens builds under one roof. -->
            <AefosStage>$(MSBuildProjectDirectory)\..\..\installer\bpl\$(PRODUCTVERSION)</AefosStage>
        </PropertyGroup>
        <ItemGroup>
            <!-- The BPL carries a per-version LIBSUFFIX (see Aefos.LibSuffix.inc), so its
                 name cannot be written here without copying that table into a fourth
                 place. The wildcard asks the disk, which is the one source that cannot
                 drift out of step with what the compiler actually produced. -->
            <AefosBplFiles Include="$(BDSCOMMONDIR)\Bpl\$(MSBuildProjectName)*.bpl"/>
            <AefosBplPlain Include="$(BDSCOMMONDIR)\Bpl\$(MSBuildProjectName).bpl"/>
        </ItemGroup>
        <!-- The suffix comes from {$LIBSUFFIX} inside the .dpk, and the IDE rewrites a
             .dpk whenever files are added or removed through the Project Manager (or the
             Description page is saved), which can take the {$I Aefos.LibSuffix.inc} line
             with it. build-packages.ps1 already refuses an unsuffixed BPL, but a build
             started INSIDE the IDE never reaches that script - so the same refusal has to
             live here, or the one path most likely to break is the one with no guard.
             Fires only when the unsuffixed file is the ONLY one there: during the
             changeover a stale copy can still sit beside a good new one. -->
        <Error Condition="'@(AefosBplFiles)'=='@(AefosBplPlain)' and '@(AefosBplPlain)'!=''"
               Text="[Aefos] $(MSBuildProjectName).bpl was built WITHOUT its version suffix. The {$I Aefos.LibSuffix.inc} line is missing from $(MSBuildProjectName).dpk - the IDE drops it when it rewrites the package. Put it back above the requires clause; without it two RAD Studios on one machine load each other%27s BPLs."/>
        <MakeDir Directories="$(AefosStage)" Condition="!Exists('$(AefosStage)')"/>
        <Copy SourceFiles="@(AefosBplFiles)" DestinationFolder="$(AefosStage)" SkipUnchangedFiles="false"/>
        <Message Importance="high" Text="[Aefos] staged @(AefosBplFiles-&gt;'%(Filename)%(Extension)') -&gt; installer\bpl\$(PRODUCTVERSION)"/>
    </Target>
    <Import Project="$(MSBuildProjectName).deployproj" Condition="Exists('$(MSBuildProjectName).deployproj')"/>
</Project>
